
Microsoft Visual Studio Solution File, Format Version 12.00
# Visual Studio Version 16
VisualStudioVersion = 16.0.30523.141
MinimumVisualStudioVersion = 10.0.40219.1
Project("{FAE04EC0-301F-11D3-BF4B-00C04F79EFBC}") = "AlexisAleTrabajoPractico3", "AlexisAleTrabajoPractico3.csproj", "{98A30C82-D9F6-465E-A601-4FCB0539BEEE}"
EndProject
Global
	GlobalSection(SolutionConfigurationPlatforms) = preSolution
		Debug|Any CPU = Debug|Any CPU
		Release|Any CPU = Release|Any CPU
	EndGlobalSection
	GlobalSection(ProjectConfigurationPlatforms) = postSolution
		{98A30C82-D9F6-465E-A601-4FCB0539BEEE}.Debug|Any CPU.ActiveCfg = Debug|Any CPU
		{98A30C82-D9F6-465E-A601-4FCB0539BEEE}.Debug|Any CPU.Build.0 = Debug|Any CPU
		{98A30C82-D9F6-465E-A601-4FCB0539BEEE}.Release|Any CPU.ActiveCfg = Release|Any CPU
		{98A30C82-D9F6-465E-A601-4FCB0539BEEE}.Release|Any CPU.Build.0 = Release|Any CPU
	EndGlobalSection
	GlobalSection(SolutionProperties) = preSolution
		HideSolutionNode = FALSE
	EndGlobalSection
	GlobalSection(ExtensibilityGlobals) = postSolution
		SolutionGuid = {4AFD4F89-6168-4A96-B375-CE3C034E2BFB}
	EndGlobalSection
EndGlobal
